// !$*UTF8*$!
{
	archiveVersion = 1;
	classes = {
	};
	objectVersion = 46;
	objects = {

/* Begin PBXBuildFile section */
		B90857A51B24A196003C46A1 /* Main.storyboard in Resources */ = {isa = PBXBuildFile; fileRef = B90857A31B24A196003C46A1 /* Main.storyboard */; };
		B90857AC1B24E662003C46A1 /* Connexion.swift in Sources */ = {isa = PBXBuildFile; fileRef = B90857AA1B24E662003C46A1 /* Connexion.swift */; };
		B90857AD1B24E662003C46A1 /* NewAccount.swift in Sources */ = {isa = PBXBuildFile; fileRef = B90857AB1B24E662003C46A1 /* NewAccount.swift */; };
		B90857AF1B250DB0003C46A1 /* ModifierProfil.swift in Sources */ = {isa = PBXBuildFile; fileRef = B90857AE1B250DB0003C46A1 /* ModifierProfil.swift */; };
		B90857B11B2530F7003C46A1 /* NewPassword.swift in Sources */ = {isa = PBXBuildFile; fileRef = B90857B01B2530F7003C46A1 /* NewPassword.swift */; };
		B90857B31B283F31003C46A1 /* Reservation.swift in Sources */ = {isa = PBXBuildFile; fileRef = B90857B21B283F31003C46A1 /* Reservation.swift */; };
		B90857B51B2840E2003C46A1 /* TblRes.swift in Sources */ = {isa = PBXBuildFile; fileRef = B90857B41B2840E2003C46A1 /* TblRes.swift */; };
		B90857B71B284111003C46A1 /* CellRes.xib in Resources */ = {isa = PBXBuildFile; fileRef = B90857B61B284111003C46A1 /* CellRes.xib */; };
		B9E7C7731B298EED0006F974 /* InfoReservation.swift in Sources */ = {isa = PBXBuildFile; fileRef = B9E7C7721B298EED0006F974 /* InfoReservation.swift */; };
		B9E9037E1B2304730033ED5B /* AppDelegate.swift in Sources */ = {isa = PBXBuildFile; fileRef = B9E9037D1B2304730033ED5B /* AppDelegate.swift */; };
		B9E903801B2304730033ED5B /* ViewController.swift in Sources */ = {isa = PBXBuildFile; fileRef = B9E9037F1B2304730033ED5B /* ViewController.swift */; };
		B9E903851B2304730033ED5B /* Images.xcassets in Resources */ = {isa = PBXBuildFile; fileRef = B9E903841B2304730033ED5B /* Images.xcassets */; };
		B9E903881B2304730033ED5B /* LaunchScreen.xib in Resources */ = {isa = PBXBuildFile; fileRef = B9E903861B2304730033ED5B /* LaunchScreen.xib */; };
		B9E903941B2304730033ED5B /* Sol_Vol_BTS_SIOTests.swift in Sources */ = {isa = PBXBuildFile; fileRef = B9E903931B2304730033ED5B /* Sol_Vol_BTS_SIOTests.swift */; };
		B9E9039E1B2305270033ED5B /* Recherche.swift in Sources */ = {isa = PBXBuildFile; fileRef = B9E9039D1B2305270033ED5B /* Recherche.swift */; };
		B9E903A11B230ADB0033ED5B /* icon in Resources */ = {isa = PBXBuildFile; fileRef = B9E9039F1B230ADB0033ED5B /* icon */; };
		B9E903A21B230ADB0033ED5B /* picture in Resources */ = {isa = PBXBuildFile; fileRef = B9E903A01B230ADB0033ED5B /* picture */; };
		B9E903AF1B230C4D0033ED5B /* Add User Filled-25.png in Resources */ = {isa = PBXBuildFile; fileRef = B9E903A31B230C4D0033ED5B /* Add User Filled-25.png */; };
		B9E903B01B230C4D0033ED5B /* Airplane Landing-26.png in Resources */ = {isa = PBXBuildFile; fileRef = B9E903A41B230C4D0033ED5B /* Airplane Landing-26.png */; };
		B9E903B11B230C4D0033ED5B /* Airplane Takeoff-26.png in Resources */ = {isa = PBXBuildFile; fileRef = B9E903A51B230C4D0033ED5B /* Airplane Takeoff-26.png */; };
		B9E903B21B230C4D0033ED5B /* folder.png in Resources */ = {isa = PBXBuildFile; fileRef = B9E903A61B230C4D0033ED5B /* folder.png */; };
		B9E903B31B230C4D0033ED5B /* fond.jpg in Resources */ = {isa = PBXBuildFile; fileRef = B9E903A71B230C4D0033ED5B /* fond.jpg */; };
		B9E903B41B230C4D0033ED5B /* login.png in Resources */ = {isa = PBXBuildFile; fileRef = B9E903A81B230C4D0033ED5B /* login.png */; };
		B9E903B51B230C4D0033ED5B /* plane.png in Resources */ = {isa = PBXBuildFile; fileRef = B9E903A91B230C4D0033ED5B /* plane.png */; };
		B9E903B61B230C4D0033ED5B /* profil.png in Resources */ = {isa = PBXBuildFile; fileRef = B9E903AA1B230C4D0033ED5B /* profil.png */; };
		B9E903B71B230C4D0033ED5B /* Search-24.png in Resources */ = {isa = PBXBuildFile; fileRef = B9E903AB1B230C4D0033ED5B /* Search-24.png */; };
		B9E903B81B230C4D0033ED5B /* Search.png in Resources */ = {isa = PBXBuildFile; fileRef = B9E903AC1B230C4D0033ED5B /* Search.png */; };
		B9E903B91B230C4D0033ED5B /* soldvolopaciti.gif in Resources */ = {isa = PBXBuildFile; fileRef = B9E903AD1B230C4D0033ED5B /* soldvolopaciti.gif */; };
		B9E903BA1B230C4D0033ED5B /* user.png in Resources */ = {isa = PBXBuildFile; fileRef = B9E903AE1B230C4D0033ED5B /* user.png */; };
		B9E903BC1B230FD70033ED5B /* AfficherVol.swift in Sources */ = {isa = PBXBuildFile; fileRef = B9E903BB1B230FD70033ED5B /* AfficherVol.swift */; };
		B9E903C41B248DB50033ED5B /* Profil.swift in Sources */ = {isa = PBXBuildFile; fileRef = B9E903C31B248DB50033ED5B /* Profil.swift */; };
/* End PBXBuildFile section */

/* Begin PBXContainerItemProxy section */
		B9E9038E1B2304730033ED5B /* PBXContainerItemProxy */ = {
			isa = PBXContainerItemProxy;
			containerPortal = B9E903701B2304730033ED5B /* Project object */;
			proxyType = 1;
			remoteGlobalIDString = B9E903771B2304730033ED5B;
			remoteInfo = "Sol'Vol_BTS_SIO";
		};
/* End PBXContainerItemProxy section */

/* Begin PBXFileReference section */
		B90857A41B24A196003C46A1 /* Base */ = {isa = PBXFileReference; lastKnownFileType = file.storyboard; name = Base; path = "Sol'Vol_BTS_SIO/Base.lproj/Main.storyboard"; sourceTree = "<group>"; };
		B90857AA1B24E662003C46A1 /* Connexion.swift */ = {isa = PBXFileReference; fileEncoding = 4; lastKnownFileType = sourcecode.swift; path = Connexion.swift; sourceTree = "<group>"; };
		B90857AB1B24E662003C46A1 /* NewAccount.swift */ = {isa = PBXFileReference; fileEncoding = 4; lastKnownFileType = sourcecode.swift; path = NewAccount.swift; sourceTree = "<group>"; };
		B90857AE1B250DB0003C46A1 /* ModifierProfil.swift */ = {isa = PBXFileReference; fileEncoding = 4; lastKnownFileType = sourcecode.swift; name = ModifierProfil.swift; path = ../ModifierProfil.swift; sourceTree = "<group>"; };
		B90857B01B2530F7003C46A1 /* NewPassword.swift */ = {isa = PBXFileReference; fileEncoding = 4; lastKnownFileType = sourcecode.swift; name = NewPassword.swift; path = ../NewPassword.swift; sourceTree = "<group>"; };
		B90857B21B283F31003C46A1 /* Reservation.swift */ = {isa = PBXFileReference; fileEncoding = 4; lastKnownFileType = sourcecode.swift; name = Reservation.swift; path = ../Reservation.swift; sourceTree = "<group>"; };
		B90857B41B2840E2003C46A1 /* TblRes.swift */ = {isa = PBXFileReference; fileEncoding = 4; lastKnownFileType = sourcecode.swift; name = TblRes.swift; path = ../TblRes.swift; sourceTree = "<group>"; };
		B90857B61B284111003C46A1 /* CellRes.xib */ = {isa = PBXFileReference; fileEncoding = 4; lastKnownFileType = file.xib; path = CellRes.xib; sourceTree = "<group>"; };
		B9E7C7721B298EED0006F974 /* InfoReservation.swift */ = {isa = PBXFileReference; fileEncoding = 4; lastKnownFileType = sourcecode.swift; path = InfoReservation.swift; sourceTree = "<group>"; };
		B9E903781B2304730033ED5B /* Sol'Vol_BTS_SIO.app */ = {isa = PBXFileReference; explicitFileType = wrapper.application; includeInIndex = 0; path = "Sol'Vol_BTS_SIO.app"; sourceTree = BUILT_PRODUCTS_DIR; };
		B9E9037C1B2304730033ED5B /* Info.plist */ = {isa = PBXFileReference; lastKnownFileType = text.plist.xml; path = Info.plist; sourceTree = "<group>"; };
		B9E9037D1B2304730033ED5B /* AppDelegate.swift */ = {isa = PBXFileReference; lastKnownFileType = sourcecode.swift; path = AppDelegate.swift; sourceTree = "<group>"; };
		B9E9037F1B2304730033ED5B /* ViewController.swift */ = {isa = PBXFileReference; lastKnownFileType = sourcecode.swift; path = ViewController.swift; sourceTree = "<group>"; };
		B9E903841B2304730033ED5B /* Images.xcassets */ = {isa = PBXFileReference; lastKnownFileType = folder.assetcatalog; path = Images.xcassets; sourceTree = "<group>"; };
		B9E903871B2304730033ED5B /* Base */ = {isa = PBXFileReference; lastKnownFileType = file.xib; name = Base; path = Base.lproj/LaunchScreen.xib; sourceTree = "<group>"; };
		B9E9038D1B2304730033ED5B /* Sol'Vol_BTS_SIOTests.xctest */ = {isa = PBXFileReference; explicitFileType = wrapper.cfbundle; includeInIndex = 0; path = "Sol'Vol_BTS_SIOTests.xctest"; sourceTree = BUILT_PRODUCTS_DIR; };
		B9E903921B2304730033ED5B /* Info.plist */ = {isa = PBXFileReference; lastKnownFileType = text.plist.xml; path = Info.plist; sourceTree = "<group>"; };
		B9E903931B2304730033ED5B /* Sol_Vol_BTS_SIOTests.swift */ = {isa = PBXFileReference; lastKnownFileType = sourcecode.swift; path = Sol_Vol_BTS_SIOTests.swift; sourceTree = "<group>"; };
		B9E9039D1B2305270033ED5B /* Recherche.swift */ = {isa = PBXFileReference; fileEncoding = 4; lastKnownFileType = sourcecode.swift; name = Recherche.swift; path = ../Recherche.swift; sourceTree = "<group>"; };
		B9E9039F1B230ADB0033ED5B /* icon */ = {isa = PBXFileReference; lastKnownFileType = folder; name = icon; path = "Sol'Vol_BTS_SIO/icon"; sourceTree = "<group>"; };
		B9E903A01B230ADB0033ED5B /* picture */ = {isa = PBXFileReference; lastKnownFileType = folder; name = picture; path = "Sol'Vol_BTS_SIO/picture"; sourceTree = "<group>"; };
		B9E903A31B230C4D0033ED5B /* Add User Filled-25.png */ = {isa = PBXFileReference; lastKnownFileType = image.png; name = "Add User Filled-25.png"; path = "Sol'Vol_BTS_SIO/picture/Add User Filled-25.png"; sourceTree = "<group>"; };
		B9E903A41B230C4D0033ED5B /* Airplane Landing-26.png */ = {isa = PBXFileReference; lastKnownFileType = image.png; name = "Airplane Landing-26.png"; path = "Sol'Vol_BTS_SIO/picture/Airplane Landing-26.png"; sourceTree = "<group>"; };
		B9E903A51B230C4D0033ED5B /* Airplane Takeoff-26.png */ = {isa = PBXFileReference; lastKnownFileType = image.png; name = "Airplane Takeoff-26.png"; path = "Sol'Vol_BTS_SIO/picture/Airplane Takeoff-26.png"; sourceTree = "<group>"; };
		B9E903A61B230C4D0033ED5B /* folder.png */ = {isa = PBXFileReference; lastKnownFileType = image.png; name = folder.png; path = "Sol'Vol_BTS_SIO/picture/folder.png"; sourceTree = "<group>"; };
		B9E903A71B230C4D0033ED5B /* fond.jpg */ = {isa = PBXFileReference; lastKnownFileType = image.jpeg; name = fond.jpg; path = "Sol'Vol_BTS_SIO/picture/fond.jpg"; sourceTree = "<group>"; };
		B9E903A81B230C4D0033ED5B /* login.png */ = {isa = PBXFileReference; lastKnownFileType = image.png; name = login.png; path = "Sol'Vol_BTS_SIO/picture/login.png"; sourceTree = "<group>"; };
		B9E903A91B230C4D0033ED5B /* plane.png */ = {isa = PBXFileReference; lastKnownFileType = image.png; name = plane.png; path = "Sol'Vol_BTS_SIO/picture/plane.png"; sourceTree = "<group>"; };
		B9E903AA1B230C4D0033ED5B /* profil.png */ = {isa = PBXFileReference; lastKnownFileType = image.png; name = profil.png; path = "Sol'Vol_BTS_SIO/picture/profil.png"; sourceTree = "<group>"; };
		B9E903AB1B230C4D0033ED5B /* Search-24.png */ = {isa = PBXFileReference; lastKnownFileType = image.png; name = "Search-24.png"; path = "Sol'Vol_BTS_SIO/picture/Search-24.png"; sourceTree = "<group>"; };
		B9E903AC1B230C4D0033ED5B /* Search.png */ = {isa = PBXFileReference; lastKnownFileType = image.png; name = Search.png; path = "Sol'Vol_BTS_SIO/picture/Search.png"; sourceTree = "<group>"; };
		B9E903AD1B230C4D0033ED5B /* soldvolopaciti.gif */ = {isa = PBXFileReference; lastKnownFileType = image.gif; name = soldvolopaciti.gif; path = "Sol'Vol_BTS_SIO/picture/soldvolopaciti.gif"; sourceTree = "<group>"; };
		B9E903AE1B230C4D0033ED5B /* user.png */ = {isa = PBXFileReference; lastKnownFileType = image.png; name = user.png; path = "Sol'Vol_BTS_SIO/picture/user.png"; sourceTree = "<group>"; };
		B9E903BB1B230FD70033ED5B /* AfficherVol.swift */ = {isa = PBXFileReference; fileEncoding = 4; lastKnownFileType = sourcecode.swift; path = AfficherVol.swift; sourceTree = "<group>"; };
		B9E903C31B248DB50033ED5B /* Profil.swift */ = {isa = PBXFileReference; fileEncoding = 4; lastKnownFileType = sourcecode.swift; name = Profil.swift; path = ../Profil.swift; sourceTree = "<group>"; };
/* End PBXFileReference section */

/* Begin PBXFrameworksBuildPhase section */
		B9E903751B2304730033ED5B /* Frameworks */ = {
			isa = PBXFrameworksBuildPhase;
			buildActionMask = 2147483647;
			files = (
			);
			runOnlyForDeploymentPostprocessing = 0;
		};
		B9E9038A1B2304730033ED5B /* Frameworks */ = {
			isa = PBXFrameworksBuildPhase;
			buildActionMask = 2147483647;
			files = (
			);
			runOnlyForDeploymentPostprocessing = 0;
		};
/* End PBXFrameworksBuildPhase section */

/* Begin PBXGroup section */
		B9E9036F1B2304730033ED5B = {
			isa = PBXGroup;
			children = (
				B9E903A31B230C4D0033ED5B /* Add User Filled-25.png */,
				B9E903A41B230C4D0033ED5B /* Airplane Landing-26.png */,
				B9E903A51B230C4D0033ED5B /* Airplane Takeoff-26.png */,
				B9E903A61B230C4D0033ED5B /* folder.png */,
				B9E903A71B230C4D0033ED5B /* fond.jpg */,
				B9E903A81B230C4D0033ED5B /* login.png */,
				B9E903A91B230C4D0033ED5B /* plane.png */,
				B9E903AA1B230C4D0033ED5B /* profil.png */,
				B9E903AB1B230C4D0033ED5B /* Search-24.png */,
				B9E903AC1B230C4D0033ED5B /* Search.png */,
				B9E903AD1B230C4D0033ED5B /* soldvolopaciti.gif */,
				B9E903AE1B230C4D0033ED5B /* user.png */,
				B9E9039F1B230ADB0033ED5B /* icon */,
				B9E903A01B230ADB0033ED5B /* picture */,
				B9E9037A1B2304730033ED5B /* Sol'Vol_BTS_SIO */,
				B9E903901B2304730033ED5B /* Sol'Vol_BTS_SIOTests */,
				B9E903791B2304730033ED5B /* Products */,
			);
			sourceTree = "<group>";
		};
		B9E903791B2304730033ED5B /* Products */ = {
			isa = PBXGroup;
			children = (
				B9E903781B2304730033ED5B /* Sol'Vol_BTS_SIO.app */,
				B9E9038D1B2304730033ED5B /* Sol'Vol_BTS_SIOTests.xctest */,
			);
			name = Products;
			sourceTree = "<group>";
		};
		B9E9037A1B2304730033ED5B /* Sol'Vol_BTS_SIO */ = {
			isa = PBXGroup;
			children = (
				B90857B41B2840E2003C46A1 /* TblRes.swift */,
				B90857B21B283F31003C46A1 /* Reservation.swift */,
				B90857B01B2530F7003C46A1 /* NewPassword.swift */,
				B90857AE1B250DB0003C46A1 /* ModifierProfil.swift */,
				B90857AA1B24E662003C46A1 /* Connexion.swift */,
				B90857AB1B24E662003C46A1 /* NewAccount.swift */,
				B9E903C31B248DB50033ED5B /* Profil.swift */,
				B9E9037D1B2304730033ED5B /* AppDelegate.swift */,
				B9E9039D1B2305270033ED5B /* Recherche.swift */,
				B9E903BB1B230FD70033ED5B /* AfficherVol.swift */,
				B9E9037F1B2304730033ED5B /* ViewController.swift */,
				B9E7C7721B298EED0006F974 /* InfoReservation.swift */,
				B90857A31B24A196003C46A1 /* Main.storyboard */,
				B9E903841B2304730033ED5B /* Images.xcassets */,
				B90857B61B284111003C46A1 /* CellRes.xib */,
				B9E903861B2304730033ED5B /* LaunchScreen.xib */,
				B9E9037B1B2304730033ED5B /* Supporting Files */,
			);
			path = "Sol'Vol_BTS_SIO";
			sourceTree = "<group>";
		};
		B9E9037B1B2304730033ED5B /* Supporting Files */ = {
			isa = PBXGroup;
			children = (
				B9E9037C1B2304730033ED5B /* Info.plist */,
			);
			name = "Supporting Files";
			sourceTree = "<group>";
		};
		B9E903901B2304730033ED5B /* Sol'Vol_BTS_SIOTests */ = {
			isa = PBXGroup;
			children = (
				B9E903931B2304730033ED5B /* Sol_Vol_BTS_SIOTests.swift */,
				B9E903911B2304730033ED5B /* Supporting Files */,
			);
			path = "Sol'Vol_BTS_SIOTests";
			sourceTree = "<group>";
		};
		B9E903911B2304730033ED5B /* Supporting Files */ = {
			isa = PBXGroup;
			children = (
				B9E903921B2304730033ED5B /* Info.plist */,
			);
			name = "Supporting Files";
			sourceTree = "<group>";
		};
/* End PBXGroup section */

/* Begin PBXNativeTarget section */
		B9E903771B2304730033ED5B /* Sol'Vol_BTS_SIO */ = {
			isa = PBXNativeTarget;
			buildConfigurationList = B9E903971B2304740033ED5B /* Build configuration list for PBXNativeTarget "Sol'Vol_BTS_SIO" */;
			buildPhases = (
				B9E903741B2304730033ED5B /* Sources */,
				B9E903751B2304730033ED5B /* Frameworks */,
				B9E903761B2304730033ED5B /* Resources */,
			);
			buildRules = (
			);
			dependencies = (
			);
			name = "Sol'Vol_BTS_SIO";
			productName = "Sol'Vol_BTS_SIO";
			productReference = B9E903781B2304730033ED5B /* Sol'Vol_BTS_SIO.app */;
			productType = "com.apple.product-type.application";
		};
		B9E9038C1B2304730033ED5B /* Sol'Vol_BTS_SIOTests */ = {
			isa = PBXNativeTarget;
			buildConfigurationList = B9E9039A1B2304740033ED5B /* Build configuration list for PBXNativeTarget "Sol'Vol_BTS_SIOTests" */;
			buildPhases = (
				B9E903891B2304730033ED5B /* Sources */,
				B9E9038A1B2304730033ED5B /* Frameworks */,
				B9E9038B1B2304730033ED5B /* Resources */,
			);
			buildRules = (
			);
			dependencies = (
				B9E9038F1B2304730033ED5B /* PBXTargetDependency */,
			);
			name = "Sol'Vol_BTS_SIOTests";
			productName = "Sol'Vol_BTS_SIOTests";
			productReference = B9E9038D1B2304730033ED5B /* Sol'Vol_BTS_SIOTests.xctest */;
			productType = "com.apple.product-type.bundle.unit-test";
		};
/* End PBXNativeTarget section */

/* Begin PBXProject section */
		B9E903701B2304730033ED5B /* Project object */ = {
			isa = PBXProject;
			attributes = {
				LastUpgradeCheck = 0630;
				ORGANIZATIONNAME = "Morad Bourial";
				TargetAttributes = {
					B9E903771B2304730033ED5B = {
						CreatedOnToolsVersion = 6.3.2;
					};
					B9E9038C1B2304730033ED5B = {
						CreatedOnToolsVersion = 6.3.2;
						TestTargetID = B9E903771B2304730033ED5B;
					};
				};
			};
			buildConfigurationList = B9E903731B2304730033ED5B /* Build configuration list for PBXProject "Sol'Vol_BTS_SIO" */;
			compatibilityVersion = "Xcode 3.2";
			developmentRegion = English;
			hasScannedForEncodings = 0;
			knownRegions = (
				en,
				Base,
			);
			mainGroup = B9E9036F1B2304730033ED5B;
			productRefGroup = B9E903791B2304730033ED5B /* Products */;
			projectDirPath = "";
			projectRoot = "";
			targets = (
				B9E903771B2304730033ED5B /* Sol'Vol_BTS_SIO */,
				B9E9038C1B2304730033ED5B /* Sol'Vol_BTS_SIOTests */,
			);
		};
/* End PBXProject section */

/* Begin PBXResourcesBuildPhase section */
		B9E903761B2304730033ED5B /* Resources */ = {
			isa = PBXResourcesBuildPhase;
			buildActionMask = 2147483647;
			files = (
				B9E903A11B230ADB0033ED5B /* icon in Resources */,
				B9E903B91B230C4D0033ED5B /* soldvolopaciti.gif in Resources */,
				B90857B71B284111003C46A1 /* CellRes.xib in Resources */,
				B9E903B21B230C4D0033ED5B /* folder.png in Resources */,
				B9E903B71B230C4D0033ED5B /* Search-24.png in Resources */,
				B9E903881B2304730033ED5B /* LaunchScreen.xib in Resources */,
				B9E903B11B230C4D0033ED5B /* Airplane Takeoff-26.png in Resources */,
				B90857A51B24A196003C46A1 /* Main.storyboard in Resources */,
				B9E903B61B230C4D0033ED5B /* profil.png in Resources */,
				B9E903AF1B230C4D0033ED5B /* Add User Filled-25.png in Resources */,
				B9E903B41B230C4D0033ED5B /* login.png in Resources */,
				B9E903B31B230C4D0033ED5B /* fond.jpg in Resources */,
				B9E903B51B230C4D0033ED5B /* plane.png in Resources */,
				B9E903A21B230ADB0033ED5B /* picture in Resources */,
				B9E903851B2304730033ED5B /* Images.xcassets in Resources */,
				B9E903BA1B230C4D0033ED5B /* user.png in Resources */,
				B9E903B81B230C4D0033ED5B /* Search.png in Resources */,
				B9E903B01B230C4D0033ED5B /* Airplane Landing-26.png in Resources */,
			);
			runOnlyForDeploymentPostprocessing = 0;
		};
		B9E9038B1B2304730033ED5B /* Resources */ = {
			isa = PBXResourcesBuildPhase;
			buildActionMask = 2147483647;
			files = (
			);
			runOnlyForDeploymentPostprocessing = 0;
		};
/* End PBXResourcesBuildPhase section */

/* Begin PBXSourcesBuildPhase section */
		B9E903741B2304730033ED5B /* Sources */ = {
			isa = PBXSourcesBuildPhase;
			buildActionMask = 2147483647;
			files = (
				B9E9039E1B2305270033ED5B /* Recherche.swift in Sources */,
				B90857AC1B24E662003C46A1 /* Connexion.swift in Sources */,
				B90857B51B2840E2003C46A1 /* TblRes.swift in Sources */,
				B90857B31B283F31003C46A1 /* Reservation.swift in Sources */,
				B90857AF1B250DB0003C46A1 /* ModifierProfil.swift in Sources */,
				B9E903BC1B230FD70033ED5B /* AfficherVol.swift in Sources */,
				B90857B11B2530F7003C46A1 /* NewPassword.swift in Sources */,
				B9E903801B2304730033ED5B /* ViewController.swift in Sources */,
				B90857AD1B24E662003C46A1 /* NewAccount.swift in Sources */,
				B9E903C41B248DB50033ED5B /* Profil.swift in Sources */,
				B9E7C7731B298EED0006F974 /* InfoReservation.swift in Sources */,
				B9E9037E1B2304730033ED5B /* AppDelegate.swift in Sources */,
			);
			runOnlyForDeploymentPostprocessing = 0;
		};
		B9E903891B2304730033ED5B /* Sources */ = {
			isa = PBXSourcesBuildPhase;
			buildActionMask = 2147483647;
			files = (
				B9E903941B2304730033ED5B /* Sol_Vol_BTS_SIOTests.swift in Sources */,
			);
			runOnlyForDeploymentPostprocessing = 0;
		};
/* End PBXSourcesBuildPhase section */

/* Begin PBXTargetDependency section */
		B9E9038F1B2304730033ED5B /* PBXTargetDependency */ = {
			isa = PBXTargetDependency;
			target = B9E903771B2304730033ED5B /* Sol'Vol_BTS_SIO */;
			targetProxy = B9E9038E1B2304730033ED5B /* PBXContainerItemProxy */;
		};
/* End PBXTargetDependency section */

/* Begin PBXVariantGroup section */
		B90857A31B24A196003C46A1 /* Main.storyboard */ = {
			isa = PBXVariantGroup;
			children = (
				B90857A41B24A196003C46A1 /* Base */,
			);
			name = Main.storyboard;
			path = ..;
			sourceTree = "<group>";
		};
		B9E903861B2304730033ED5B /* LaunchScreen.xib */ = {
			isa = PBXVariantGroup;
			children = (
				B9E903871B2304730033ED5B /* Base */,
			);
			name = LaunchScreen.xib;
			sourceTree = "<group>";
		};
/* End PBXVariantGroup section */

/* Begin XCBuildConfiguration section */
		B9E903951B2304740033ED5B /* Debug */ = {
			isa = XCBuildConfiguration;
			buildSettings = {
				ALWAYS_SEARCH_USER_PATHS = NO;
				CLANG_CXX_LANGUAGE_STANDARD = "gnu++0x";
				CLANG_CXX_LIBRARY = "libc++";
				CLANG_ENABLE_MODULES = YES;
				CLANG_ENABLE_OBJC_ARC = YES;
				CLANG_WARN_BOOL_CONVERSION = YES;
				CLANG_WARN_CONSTANT_CONVERSION = YES;
				CLANG_WARN_DIRECT_OBJC_ISA_USAGE = YES_ERROR;
				CLANG_WARN_EMPTY_BODY = YES;
				CLANG_WARN_ENUM_CONVERSION = YES;
				CLANG_WARN_INT_CONVERSION = YES;
				CLANG_WARN_OBJC_ROOT_CLASS = YES_ERROR;
				CLANG_WARN_UNREACHABLE_CODE = YES;
				CLANG_WARN__DUPLICATE_METHOD_MATCH = YES;
				"CODE_SIGN_IDENTITY[sdk=iphoneos*]" = "iPhone Developer";
				COPY_PHASE_STRIP = NO;
				DEBUG_INFORMATION_FORMAT = "dwarf-with-dsym";
				ENABLE_STRICT_OBJC_MSGSEND = YES;
				GCC_C_LANGUAGE_STANDARD = gnu99;
				GCC_DYNAMIC_NO_PIC = NO;
				GCC_NO_COMMON_BLOCKS = YES;
				GCC_OPTIMIZATION_LEVEL = 0;
				GCC_PREPROCESSOR_DEFINITIONS = (
					"DEBUG=1",
					"$(inherited)",
				);
				GCC_SYMBOLS_PRIVATE_EXTERN = NO;
				GCC_WARN_64_TO_32_BIT_CONVERSION = YES;
				GCC_WARN_ABOUT_RETURN_TYPE = YES_ERROR;
				GCC_WARN_UNDECLARED_SELECTOR = YES;
				GCC_WARN_UNINITIALIZED_AUTOS = YES_AGGRESSIVE;
				GCC_WARN_UNUSED_FUNCTION = YES;
				GCC_WARN_UNUSED_VARIABLE = YES;
				IPHONEOS_DEPLOYMENT_TARGET = 8.3;
				MTL_ENABLE_DEBUG_INFO = YES;
				ONLY_ACTIVE_ARCH = YES;
				SDKROOT = iphoneos;
				SWIFT_OPTIMIZATION_LEVEL = "-Onone";
			};
			name = Debug;
		};
		B9E903961B2304740033ED5B /* Release */ = {
			isa = XCBuildConfiguration;
			buildSettings = {
				ALWAYS_SEARCH_USER_PATHS = NO;
				CLANG_CXX_LANGUAGE_STANDARD = "gnu++0x";
				CLANG_CXX_LIBRARY = "libc++";
				CLANG_ENABLE_MODULES = YES;
				CLANG_ENABLE_OBJC_ARC = YES;
				CLANG_WARN_BOOL_CONVERSION = YES;
				CLANG_WARN_CONSTANT_CONVERSION = YES;
				CLANG_WARN_DIRECT_OBJC_ISA_USAGE = YES_ERROR;
				CLANG_WARN_EMPTY_BODY = YES;
				CLANG_WARN_ENUM_CONVERSION = YES;
				CLANG_WARN_INT_CONVERSION = YES;
				CLANG_WARN_OBJC_ROOT_CLASS = YES_ERROR;
				CLANG_WARN_UNREACHABLE_CODE = YES;
				CLANG_WARN__DUPLICATE_METHOD_MATCH = YES;
				"CODE_SIGN_IDENTITY[sdk=iphoneos*]" = "iPhone Developer";
				COPY_PHASE_STRIP = NO;
				DEBUG_INFORMATION_FORMAT = "dwarf-with-dsym";
				ENABLE_NS_ASSERTIONS = NO;
				ENABLE_STRICT_OBJC_MSGSEND = YES;
				GCC_C_LANGUAGE_STANDARD = gnu99;
				GCC_NO_COMMON_BLOCKS = YES;
				GCC_WARN_64_TO_32_BIT_CONVERSION = YES;
				GCC_WARN_ABOUT_RETURN_TYPE = YES_ERROR;
				GCC_WARN_UNDECLARED_SELECTOR = YES;
				GCC_WARN_UNINITIALIZED_AUTOS = YES_AGGRESSIVE;
				GCC_WARN_UNUSED_FUNCTION = YES;
				GCC_WARN_UNUSED_VARIABLE = YES;
				IPHONEOS_DEPLOYMENT_TARGET = 8.3;
				MTL_ENABLE_DEBUG_INFO = NO;
				SDKROOT = iphoneos;
				VALIDATE_PRODUCT = YES;
			};
			name = Release;
		};
		B9E903981B2304740033ED5B /* Debug */ = {
			isa = XCBuildConfiguration;
			buildSettings = {
				ASSETCATALOG_COMPILER_APPICON_NAME = AppIcon;
				INFOPLIST_FILE = "Sol'Vol_BTS_SIO/Info.plist";
				IPHONEOS_DEPLOYMENT_TARGET = 7.1;
				LD_RUNPATH_SEARCH_PATHS = "$(inherited) @executable_path/Frameworks";
				PRODUCT_NAME = "$(TARGET_NAME)";
			};
			name = Debug;
		};
		B9E903991B2304740033ED5B /* Release */ = {
			isa = XCBuildConfiguration;
			buildSettings = {
				ASSETCATALOG_COMPILER_APPICON_NAME = AppIcon;
				INFOPLIST_FILE = "Sol'Vol_BTS_SIO/Info.plist";
				IPHONEOS_DEPLOYMENT_TARGET = 7.1;
				LD_RUNPATH_SEARCH_PATHS = "$(inherited) @executable_path/Frameworks";
				PRODUCT_NAME = "$(TARGET_NAME)";
			};
			name = Release;
		};
		B9E9039B1B2304740033ED5B /* Debug */ = {
			isa = XCBuildConfiguration;
			buildSettings = {
				BUNDLE_LOADER = "$(TEST_HOST)";
				FRAMEWORK_SEARCH_PATHS = (
					"$(SDKROOT)/Developer/Library/Frameworks",
					"$(inherited)",
				);
				GCC_PREPROCESSOR_DEFINITIONS = (
					"DEBUG=1",
					"$(inherited)",
				);
				INFOPLIST_FILE = "Sol'Vol_BTS_SIOTests/Info.plist";
				LD_RUNPATH_SEARCH_PATHS = "$(inherited) @executable_path/Frameworks @loader_path/Frameworks";
				PRODUCT_NAME = "$(TARGET_NAME)";
				TEST_HOST = "$(BUILT_PRODUCTS_DIR)/Sol'Vol_BTS_SIO.app/Sol'Vol_BTS_SIO";
			};
			name = Debug;
		};
		B9E9039C1B2304740033ED5B /* Release */ = {
			isa = XCBuildConfiguration;
			buildSettings = {
				BUNDLE_LOADER = "$(TEST_HOST)";
				FRAMEWORK_SEARCH_PATHS = (
					"$(SDKROOT)/Developer/Library/Frameworks",
					"$(inherited)",
				);
				INFOPLIST_FILE = "Sol'Vol_BTS_SIOTests/Info.plist";
				LD_RUNPATH_SEARCH_PATHS = "$(inherited) @executable_path/Frameworks @loader_path/Frameworks";
				PRODUCT_NAME = "$(TARGET_NAME)";
				TEST_HOST = "$(BUILT_PRODUCTS_DIR)/Sol'Vol_BTS_SIO.app/Sol'Vol_BTS_SIO";
			};
			name = Release;
		};
/* End XCBuildConfiguration section */

/* Begin XCConfigurationList section */
		B9E903731B2304730033ED5B /* Build configuration list for PBXProject "Sol'Vol_BTS_SIO" */ = {
			isa = XCConfigurationList;
			buildConfigurations = (
				B9E903951B2304740033ED5B /* Debug */,
				B9E903961B2304740033ED5B /* Release */,
			);
			defaultConfigurationIsVisible = 0;
			defaultConfigurationName = Release;
		};
		B9E903971B2304740033ED5B /* Build configuration list for PBXNativeTarget "Sol'Vol_BTS_SIO" */ = {
			isa = XCConfigurationList;
			buildConfigurations = (
				B9E903981B2304740033ED5B /* Debug */,
				B9E903991B2304740033ED5B /* Release */,
			);
			defaultConfigurationIsVisible = 0;
			defaultConfigurationName = Release;
		};
		B9E9039A1B2304740033ED5B /* Build configuration list for PBXNativeTarget "Sol'Vol_BTS_SIOTests" */ = {
			isa = XCConfigurationList;
			buildConfigurations = (
				B9E9039B1B2304740033ED5B /* Debug */,
				B9E9039C1B2304740033ED5B /* Release */,
			);
			defaultConfigurationIsVisible = 0;
			defaultConfigurationName = Release;
		};
/* End XCConfigurationList section */
	};
	rootObject = B9E903701B2304730033ED5B /* Project object */;
}
